
Microsoft Visual Studio Solution File, Format Version 12.00
# Visual Studio 15
VisualStudioVersion = 15.0.27004.2010
MinimumVisualStudioVersion = 10.0.40219.1
Project("{FAE04EC0-301F-11D3-BF4B-00C04F79EFBC}") = "MvvmSample.Android", "MvvmSample\MvvmSample.Android\MvvmSample.Android.csproj", "{12FA507E-97E2-4CBE-B3CC-A43DCB80DD09}"
EndProject
Project("{FAE04EC0-301F-11D3-BF4B-00C04F79EFBC}") = "MvvmSample", "MvvmSample\MvvmSample\MvvmSample.csproj", "{E2CFA73A-7A90-4188-87B3-6CFAD8F08D41}"
EndProject
Project("{FAE04EC0-301F-11D3-BF4B-00C04F79EFBC}") = "MvvmSample.iOS", "MvvmSample\MvvmSample.iOS\MvvmSample.iOS.csproj", "{0E2213F2-E2AC-412D-A4B9-30D6434E9843}"
EndProject
Global
	GlobalSection(SolutionConfigurationPlatforms) = preSolution
		Ad-Hoc|Any CPU = Ad-Hoc|Any CPU
		Ad-Hoc|iPhone = Ad-Hoc|iPhone
		Ad-Hoc|iPhoneSimulator = Ad-Hoc|iPhoneSimulator
		AppStore|Any CPU = AppStore|Any CPU
		AppStore|iPhone = AppStore|iPhone
		AppStore|iPhoneSimulator = AppStore|iPhoneSimulator
		Debug|Any CPU = Debug|Any CPU
		Debug|iPhone = Debug|iPhone
		Debug|iPhoneSimulator = Debug|iPhoneSimulator
		Release|Any CPU = Release|Any CPU
		Release|iPhone = Release|iPhone
		Release|iPhoneSimulator = Release|iPhoneSimulator
	EndGlobalSection
	GlobalSection(ProjectConfigurationPlatforms) = postSolution
		{12FA507E-97E2-4CBE-B3CC-A43DCB80DD09}.Ad-Hoc|Any CPU.ActiveCfg = Release|Any CPU
		{12FA507E-97E2-4CBE-B3CC-A43DCB80DD09}.Ad-Hoc|Any CPU.Build.0 = Release|Any CPU
		{12FA507E-97E2-4CBE-B3CC-A43DCB80DD09}.Ad-Hoc|Any CPU.Deploy.0 = Release|Any CPU
		{12FA507E-97E2-4CBE-B3CC-A43DCB80DD09}.Ad-Hoc|iPhone.ActiveCfg = Release|Any CPU
		{12FA507E-97E2-4CBE-B3CC-A43DCB80DD09}.Ad-Hoc|iPhone.Build.0 = Release|Any CPU
		{12FA507E-97E2-4CBE-B3CC-A43DCB80DD09}.Ad-Hoc|iPhone.Deploy.0 = Release|Any CPU
		{12FA507E-97E2-4CBE-B3CC-A43DCB80DD09}.Ad-Hoc|iPhoneSimulator.ActiveCfg = Release|Any CPU
		{12FA507E-97E2-4CBE-B3CC-A43DCB80DD09}.Ad-Hoc|iPhoneSimulator.Build.0 = Release|Any CPU
		{12FA507E-97E2-4CBE-B3CC-A43DCB80DD09}.Ad-Hoc|iPhoneSimulator.Deploy.0 = Release|Any CPU
		{12FA507E-97E2-4CBE-B3CC-A43DCB80DD09}.AppStore|Any CPU.ActiveCfg = Release|Any CPU
		{12FA507E-97E2-4CBE-B3CC-A43DCB80DD09}.AppStore|Any CPU.Build.0 = Release|Any CPU
		{12FA507E-97E2-4CBE-B3CC-A43DCB80DD09}.AppStore|Any CPU.Deploy.0 = Release|Any CPU
		{12FA507E-97E2-4CBE-B3CC-A43DCB80DD09}.AppStore|iPhone.ActiveCfg = Release|Any CPU
		{12FA507E-97E2-4CBE-B3CC-A43DCB80DD09}.AppStore|iPhone.Build.0 = Release|Any CPU
		{12FA507E-97E2-4CBE-B3CC-A43DCB80DD09}.AppStore|iPhone.Deploy.0 = Release|Any CPU
		{12FA507E-97E2-4CBE-B3CC-A43DCB80DD09}.AppStore|iPhoneSimulator.ActiveCfg = Release|Any CPU
		{12FA507E-97E2-4CBE-B3CC-A43DCB80DD09}.AppStore|iPhoneSimulator.Build.0 = Release|Any CPU
		{12FA507E-97E2-4CBE-B3CC-A43DCB80DD09}.AppStore|iPhoneSimulator.Deploy.0 = Release|Any CPU
		{12FA507E-97E2-4CBE-B3CC-A43DCB80DD09}.Debug|Any CPU.ActiveCfg = Debug|Any CPU
		{12FA507E-97E2-4CBE-B3CC-A43DCB80DD09}.Debug|Any CPU.Build.0 = Debug|Any CPU
		{12FA507E-97E2-4CBE-B3CC-A43DCB80DD09}.Debug|Any CPU.Deploy.0 = Debug|Any CPU
		{12FA507E-97E2-4CBE-B3CC-A43DCB80DD09}.Debug|iPhone.ActiveCfg = Debug|Any CPU
		{12FA507E-97E2-4CBE-B3CC-A43DCB80DD09}.Debug|iPhone.Build.0 = Debug|Any CPU
		{12FA507E-97E2-4CBE-B3CC-A43DCB80DD09}.Debug|iPhone.Deploy.0 = Debug|Any CPU
		{12FA507E-97E2-4CBE-B3CC-A43DCB80DD09}.Debug|iPhoneSimulator.ActiveCfg = Debug|Any CPU
		{12FA507E-97E2-4CBE-B3CC-A43DCB80DD09}.Debug|iPhoneSimulator.Build.0 = Debug|Any CPU
		{12FA507E-97E2-4CBE-B3CC-A43DCB80DD09}.Debug|iPhoneSimulator.Deploy.0 = Debug|Any CPU
		{12FA507E-97E2-4CBE-B3CC-A43DCB80DD09}.Release|Any CPU.ActiveCfg = Release|Any CPU
		{12FA507E-97E2-4CBE-B3CC-A43DCB80DD09}.Release|Any CPU.Build.0 = Release|Any CPU
		{12FA507E-97E2-4CBE-B3CC-A43DCB80DD09}.Release|Any CPU.Deploy.0 = Release|Any CPU
		{12FA507E-97E2-4CBE-B3CC-A43DCB80DD09}.Release|iPhone.ActiveCfg = Release|Any CPU
		{12FA507E-97E2-4CBE-B3CC-A43DCB80DD09}.Release|iPhone.Build.0 = Release|Any CPU
		{12FA507E-97E2-4CBE-B3CC-A43DCB80DD09}.Release|iPhone.Deploy.0 = Release|Any CPU
		{12FA507E-97E2-4CBE-B3CC-A43DCB80DD09}.Release|iPhoneSimulator.ActiveCfg = Release|Any CPU
		{12FA507E-97E2-4CBE-B3CC-A43DCB80DD09}.Release|iPhoneSimulator.Build.0 = Release|Any CPU
		{12FA507E-97E2-4CBE-B3CC-A43DCB80DD09}.Release|iPhoneSimulator.Deploy.0 = Release|Any CPU
		{E2CFA73A-7A90-4188-87B3-6CFAD8F08D41}.Ad-Hoc|Any CPU.ActiveCfg = Release|Any CPU
		{E2CFA73A-7A90-4188-87B3-6CFAD8F08D41}.Ad-Hoc|Any CPU.Build.0 = Release|Any CPU
		{E2CFA73A-7A90-4188-87B3-6CFAD8F08D41}.Ad-Hoc|iPhone.ActiveCfg = Release|Any CPU
		{E2CFA73A-7A90-4188-87B3-6CFAD8F08D41}.Ad-Hoc|iPhone.Build.0 = Release|Any CPU
		{E2CFA73A-7A90-4188-87B3-6CFAD8F08D41}.Ad-Hoc|iPhoneSimulator.ActiveCfg = Release|Any CPU
		{E2CFA73A-7A90-4188-87B3-6CFAD8F08D41}.Ad-Hoc|iPhoneSimulator.Build.0 = Release|Any CPU
		{E2CFA73A-7A90-4188-87B3-6CFAD8F08D41}.AppStore|Any CPU.ActiveCfg = Release|Any CPU
		{E2CFA73A-7A90-4188-87B3-6CFAD8F08D41}.AppStore|Any CPU.Build.0 = Release|Any CPU
		{E2CFA73A-7A90-4188-87B3-6CFAD8F08D41}.AppStore|iPhone.ActiveCfg = Release|Any CPU
		{E2CFA73A-7A90-4188-87B3-6CFAD8F08D41}.AppStore|iPhone.Build.0 = Release|Any CPU
		{E2CFA73A-7A90-4188-87B3-6CFAD8F08D41}.AppStore|iPhoneSimulator.ActiveCfg = Release|Any CPU
		{E2CFA73A-7A90-4188-87B3-6CFAD8F08D41}.AppStore|iPhoneSimulator.Build.0 = Release|Any CPU
		{E2CFA73A-7A90-4188-87B3-6CFAD8F08D41}.Debug|Any CPU.ActiveCfg = Debug|Any CPU
		{E2CFA73A-7A90-4188-87B3-6CFAD8F08D41}.Debug|Any CPU.Build.0 = Debug|Any CPU
		{E2CFA73A-7A90-4188-87B3-6CFAD8F08D41}.Debug|iPhone.ActiveCfg = Debug|Any CPU
		{E2CFA73A-7A90-4188-87B3-6CFAD8F08D41}.Debug|iPhone.Build.0 = Debug|Any CPU
		{E2CFA73A-7A90-4188-87B3-6CFAD8F08D41}.Debug|iPhoneSimulator.ActiveCfg = Debug|Any CPU
		{E2CFA73A-7A90-4188-87B3-6CFAD8F08D41}.Debug|iPhoneSimulator.Build.0 = Debug|Any CPU
		{E2CFA73A-7A90-4188-87B3-6CFAD8F08D41}.Release|Any CPU.ActiveCfg = Release|Any CPU
		{E2CFA73A-7A90-4188-87B3-6CFAD8F08D41}.Release|Any CPU.Build.0 = Release|Any CPU
		{E2CFA73A-7A90-4188-87B3-6CFAD8F08D41}.Release|iPhone.ActiveCfg = Release|Any CPU
		{E2CFA73A-7A90-4188-87B3-6CFAD8F08D41}.Release|iPhone.Build.0 = Release|Any CPU
		{E2CFA73A-7A90-4188-87B3-6CFAD8F08D41}.Release|iPhoneSimulator.ActiveCfg = Release|Any CPU
		{E2CFA73A-7A90-4188-87B3-6CFAD8F08D41}.Release|iPhoneSimulator.Build.0 = Release|Any CPU
		{0E2213F2-E2AC-412D-A4B9-30D6434E9843}.Ad-Hoc|Any CPU.ActiveCfg = Ad-Hoc|iPhoneSimulator
		{0E2213F2-E2AC-412D-A4B9-30D6434E9843}.Ad-Hoc|iPhone.ActiveCfg = Ad-Hoc|iPhone
		{0E2213F2-E2AC-412D-A4B9-30D6434E9843}.Ad-Hoc|iPhone.Build.0 = Ad-Hoc|iPhone
		{0E2213F2-E2AC-412D-A4B9-30D6434E9843}.Ad-Hoc|iPhoneSimulator.ActiveCfg = Ad-Hoc|iPhoneSimulator
		{0E2213F2-E2AC-412D-A4B9-30D6434E9843}.Ad-Hoc|iPhoneSimulator.Build.0 = Ad-Hoc|iPhoneSimulator
		{0E2213F2-E2AC-412D-A4B9-30D6434E9843}.AppStore|Any CPU.ActiveCfg = AppStore|iPhoneSimulator
		{0E2213F2-E2AC-412D-A4B9-30D6434E9843}.AppStore|iPhone.ActiveCfg = AppStore|iPhone
		{0E2213F2-E2AC-412D-A4B9-30D6434E9843}.AppStore|iPhone.Build.0 = AppStore|iPhone
		{0E2213F2-E2AC-412D-A4B9-30D6434E9843}.AppStore|iPhoneSimulator.ActiveCfg = AppStore|iPhoneSimulator
		{0E2213F2-E2AC-412D-A4B9-30D6434E9843}.AppStore|iPhoneSimulator.Build.0 = AppStore|iPhoneSimulator
		{0E2213F2-E2AC-412D-A4B9-30D6434E9843}.Debug|Any CPU.ActiveCfg = Debug|iPhoneSimulator
		{0E2213F2-E2AC-412D-A4B9-30D6434E9843}.Debug|iPhone.ActiveCfg = Debug|iPhone
		{0E2213F2-E2AC-412D-A4B9-30D6434E9843}.Debug|iPhone.Build.0 = Debug|iPhone
		{0E2213F2-E2AC-412D-A4B9-30D6434E9843}.Debug|iPhoneSimulator.ActiveCfg = Debug|iPhoneSimulator
		{0E2213F2-E2AC-412D-A4B9-30D6434E9843}.Debug|iPhoneSimulator.Build.0 = Debug|iPhoneSimulator
		{0E2213F2-E2AC-412D-A4B9-30D6434E9843}.Release|Any CPU.ActiveCfg = Release|iPhoneSimulator
		{0E2213F2-E2AC-412D-A4B9-30D6434E9843}.Release|iPhone.ActiveCfg = Release|iPhone
		{0E2213F2-E2AC-412D-A4B9-30D6434E9843}.Release|iPhone.Build.0 = Release|iPhone
		{0E2213F2-E2AC-412D-A4B9-30D6434E9843}.Release|iPhoneSimulator.ActiveCfg = Release|iPhoneSimulator
		{0E2213F2-E2AC-412D-A4B9-30D6434E9843}.Release|iPhoneSimulator.Build.0 = Release|iPhoneSimulator
	EndGlobalSection
	GlobalSection(SolutionProperties) = preSolution
		HideSolutionNode = FALSE
	EndGlobalSection
	GlobalSection(ExtensibilityGlobals) = postSolution
		SolutionGuid = {EB3B91D5-723F-4A93-A4E9-0A58A973AE57}
	EndGlobalSection
EndGlobal
